
Microsoft Visual Studio Solution File, Format Version 12.00
# Visual Studio Version 16
VisualStudioVersion = 16.0.30717.126
MinimumVisualStudioVersion = 10.0.40219.1
Project("{FAE04EC0-301F-11D3-BF4B-00C04F79EFBC}") = "Benchmark Performance", "Benchmark Performance\Benchmark Performance.csproj", "{ABEA7EFE-D73D-4F0B-BA6B-B8E7BE70BAD0}"
EndProject
Global
	GlobalSection(SolutionConfigurationPlatforms) = preSolution
		Debug|Any CPU = Debug|Any CPU
		Release|Any CPU = Release|Any CPU
	EndGlobalSection
	GlobalSection(ProjectConfigurationPlatforms) = postSolution
		{ABEA7EFE-D73D-4F0B-BA6B-B8E7BE70BAD0}.Debug|Any CPU.ActiveCfg = Debug|Any CPU
		{ABEA7EFE-D73D-4F0B-BA6B-B8E7BE70BAD0}.Debug|Any CPU.Build.0 = Debug|Any CPU
		{ABEA7EFE-D73D-4F0B-BA6B-B8E7BE70BAD0}.Release|Any CPU.ActiveCfg = Release|Any CPU
		{ABEA7EFE-D73D-4F0B-BA6B-B8E7BE70BAD0}.Release|Any CPU.Build.0 = Release|Any CPU
	EndGlobalSection
	GlobalSection(SolutionProperties) = preSolution
		HideSolutionNode = FALSE
	EndGlobalSection
	GlobalSection(ExtensibilityGlobals) = postSolution
		SolutionGuid = {0877FD1B-21E3-485D-A165-F39770803BA0}
	EndGlobalSection
EndGlobal
